
Microsoft Visual Studio Solution File, Format Version 12.00
# Visual Studio Version 17
VisualStudioVersion = 17.4.33110.190
MinimumVisualStudioVersion = 10.0.40219.1
Project("{FAE04EC0-301F-11D3-BF4B-00C04F79EFBC}") = "MFU_RW_FIles", "MFU_RW_FIles.csproj", "{3483F70E-95AC-4945-AE29-8458465C8510}"
EndProject
Global
	GlobalSection(SolutionConfigurationPlatforms) = preSolution
		Debug|Any CPU = Debug|Any CPU
		Release|Any CPU = Release|Any CPU
	EndGlobalSection
	GlobalSection(ProjectConfigurationPlatforms) = postSolution
		{3483F70E-95AC-4945-AE29-8458465C8510}.Debug|Any CPU.ActiveCfg = Debug|Any CPU
		{3483F70E-95AC-4945-AE29-8458465C8510}.Debug|Any CPU.Build.0 = Debug|Any CPU
		{3483F70E-95AC-4945-AE29-8458465C8510}.Release|Any CPU.ActiveCfg = Release|Any CPU
		{3483F70E-95AC-4945-AE29-8458465C8510}.Release|Any CPU.Build.0 = Release|Any CPU
	EndGlobalSection
	GlobalSection(SolutionProperties) = preSolution
		HideSolutionNode = FALSE
	EndGlobalSection
	GlobalSection(ExtensibilityGlobals) = postSolution
		SolutionGuid = {C77BE34A-E742-45EB-BA6E-0CB773348186}
	EndGlobalSection
EndGlobal
