
Microsoft Visual Studio Solution File, Format Version 12.00
# Visual Studio Version 17
VisualStudioVersion = 17.4.33110.190
MinimumVisualStudioVersion = 10.0.40219.1
Project("{FAE04EC0-301F-11D3-BF4B-00C04F79EFBC}") = "MFU_RW_FIles", "MFU_RW_FIles\MFU_RW_FIles.csproj", "{39C04B23-A4F7-46C2-8B7E-6DE07E4FCA5F}"
EndProject
Global
	GlobalSection(SolutionConfigurationPlatforms) = preSolution
		Debug|Any CPU = Debug|Any CPU
		Release|Any CPU = Release|Any CPU
	EndGlobalSection
	GlobalSection(ProjectConfigurationPlatforms) = postSolution
		{39C04B23-A4F7-46C2-8B7E-6DE07E4FCA5F}.Debug|Any CPU.ActiveCfg = Debug|Any CPU
		{39C04B23-A4F7-46C2-8B7E-6DE07E4FCA5F}.Debug|Any CPU.Build.0 = Debug|Any CPU
		{39C04B23-A4F7-46C2-8B7E-6DE07E4FCA5F}.Release|Any CPU.ActiveCfg = Release|Any CPU
		{39C04B23-A4F7-46C2-8B7E-6DE07E4FCA5F}.Release|Any CPU.Build.0 = Release|Any CPU
	EndGlobalSection
	GlobalSection(SolutionProperties) = preSolution
		HideSolutionNode = FALSE
	EndGlobalSection
	GlobalSection(ExtensibilityGlobals) = postSolution
		SolutionGuid = {9ABB4AA7-F1EF-45AA-B9E0-F4399123F5DF}
	EndGlobalSection
EndGlobal
